// !$*UTF8*$!
{
	archiveVersion = 1;
	classes = {
	};
	objectVersion = 55;
	objects = {

/* Begin PBXBuildFile section */
		BD6354E4286F5E04009B474B /* AppDelegate.swift in Sources */ = {isa = PBXBuildFile; fileRef = BD6354E3286F5E04009B474B /* AppDelegate.swift */; };
		BD6354E6286F5E04009B474B /* SceneDelegate.swift in Sources */ = {isa = PBXBuildFile; fileRef = BD6354E5286F5E04009B474B /* SceneDelegate.swift */; };
		BD6354E8286F5E04009B474B /* ViewController.swift in Sources */ = {isa = PBXBuildFile; fileRef = BD6354E7286F5E04009B474B /* ViewController.swift */; };
		BD6354EB286F5E04009B474B /* Main.storyboard in Resources */ = {isa = PBXBuildFile; fileRef = BD6354E9286F5E04009B474B /* Main.storyboard */; };
		BD6354ED286F5E06009B474B /* Assets.xcassets in Resources */ = {isa = PBXBuildFile; fileRef = BD6354EC286F5E06009B474B /* Assets.xcassets */; };
		BD6354F0286F5E06009B474B /* LaunchScreen.storyboard in Resources */ = {isa = PBXBuildFile; fileRef = BD6354EE286F5E06009B474B /* LaunchScreen.storyboard */; };
		BD6354FB286F5E06009B474B /* thankYouTests.swift in Sources */ = {isa = PBXBuildFile; fileRef = BD6354FA286F5E06009B474B /* thankYouTests.swift */; };
		BD635505286F5E06009B474B /* thankYouUITests.swift in Sources */ = {isa = PBXBuildFile; fileRef = BD635504286F5E06009B474B /* thankYouUITests.swift */; };
		BD635507286F5E06009B474B /* thankYouUITestsLaunchTests.swift in Sources */ = {isa = PBXBuildFile; fileRef = BD635506286F5E06009B474B /* thankYouUITestsLaunchTests.swift */; };
/* End PBXBuildFile section */

/* Begin PBXContainerItemProxy section */
		BD6354F7286F5E06009B474B /* PBXContainerItemProxy */ = {
			isa = PBXContainerItemProxy;
			containerPortal = BD6354D8286F5E04009B474B /* Project object */;
			proxyType = 1;
			remoteGlobalIDString = BD6354DF286F5E04009B474B;
			remoteInfo = thankYou;
		};
		BD635501286F5E06009B474B /* PBXContainerItemProxy */ = {
			isa = PBXContainerItemProxy;
			containerPortal = BD6354D8286F5E04009B474B /* Project object */;
			proxyType = 1;
			remoteGlobalIDString = BD6354DF286F5E04009B474B;
			remoteInfo = thankYou;
		};
/* End PBXContainerItemProxy section */

/* Begin PBXFileReference section */
		BD6354E0286F5E04009B474B /* thankYou.app */ = {isa = PBXFileReference; explicitFileType = wrapper.application; includeInIndex = 0; path = thankYou.app; sourceTree = BUILT_PRODUCTS_DIR; };
		BD6354E3286F5E04009B474B /* AppDelegate.swift */ = {isa = PBXFileReference; lastKnownFileType = sourcecode.swift; path = AppDelegate.swift; sourceTree = "<group>"; };
		BD6354E5286F5E04009B474B /* SceneDelegate.swift */ = {isa = PBXFileReference; lastKnownFileType = sourcecode.swift; path = SceneDelegate.swift; sourceTree = "<group>"; };
		BD6354E7286F5E04009B474B /* ViewController.swift */ = {isa = PBXFileReference; lastKnownFileType = sourcecode.swift; path = ViewController.swift; sourceTree = "<group>"; };
		BD6354EA286F5E04009B474B /* Base */ = {isa = PBXFileReference; lastKnownFileType = file.storyboard; name = Base; path = Base.lproj/Main.storyboard; sourceTree = "<group>"; };
		BD6354EC286F5E06009B474B /* Assets.xcassets */ = {isa = PBXFileReference; lastKnownFileType = folder.assetcatalog; path = Assets.xcassets; sourceTree = "<group>"; };
		BD6354EF286F5E06009B474B /* Base */ = {isa = PBXFileReference; lastKnownFileType = file.storyboard; name = Base; path = Base.lproj/LaunchScreen.storyboard; sourceTree = "<group>"; };
		BD6354F1286F5E06009B474B /* Info.plist */ = {isa = PBXFileReference; lastKnownFileType = text.plist.xml; path = Info.plist; sourceTree = "<group>"; };
		BD6354F6286F5E06009B474B /* thankYouTests.xctest */ = {isa = PBXFileReference; explicitFileType = wrapper.cfbundle; includeInIndex = 0; path = thankYouTests.xctest; sourceTree = BUILT_PRODUCTS_DIR; };
		BD6354FA286F5E06009B474B /* thankYouTests.swift */ = {isa = PBXFileReference; lastKnownFileType = sourcecode.swift; path = thankYouTests.swift; sourceTree = "<group>"; };
		BD635500286F5E06009B474B /* thankYouUITests.xctest */ = {isa = PBXFileReference; explicitFileType = wrapper.cfbundle; includeInIndex = 0; path = thankYouUITests.xctest; sourceTree = BUILT_PRODUCTS_DIR; };
		BD635504286F5E06009B474B /* thankYouUITests.swift */ = {isa = PBXFileReference; lastKnownFileType = sourcecode.swift; path = thankYouUITests.swift; sourceTree = "<group>"; };
		BD635506286F5E06009B474B /* thankYouUITestsLaunchTests.swift */ = {isa = PBXFileReference; lastKnownFileType = sourcecode.swift; path = thankYouUITestsLaunchTests.swift; sourceTree = "<group>"; };
/* End PBXFileReference section */

/* Begin PBXFrameworksBuildPhase section */
		BD6354DD286F5E04009B474B /* Frameworks */ = {
			isa = PBXFrameworksBuildPhase;
			buildActionMask = 2147483647;
			files = (
			);
			runOnlyForDeploymentPostprocessing = 0;
		};
		BD6354F3286F5E06009B474B /* Frameworks */ = {
			isa = PBXFrameworksBuildPhase;
			buildActionMask = 2147483647;
			files = (
			);
			runOnlyForDeploymentPostprocessing = 0;
		};
		BD6354FD286F5E06009B474B /* Frameworks */ = {
			isa = PBXFrameworksBuildPhase;
			buildActionMask = 2147483647;
			files = (
			);
			runOnlyForDeploymentPostprocessing = 0;
		};
/* End PBXFrameworksBuildPhase section */

/* Begin PBXGroup section */
		BD6354D7286F5E04009B474B = {
			isa = PBXGroup;
			children = (
				BD6354E2286F5E04009B474B /* thankYou */,
				BD6354F9286F5E06009B474B /* thankYouTests */,
				BD635503286F5E06009B474B /* thankYouUITests */,
				BD6354E1286F5E04009B474B /* Products */,
			);
			sourceTree = "<group>";
		};
		BD6354E1286F5E04009B474B /* Products */ = {
			isa = PBXGroup;
			children = (
				BD6354E0286F5E04009B474B /* thankYou.app */,
				BD6354F6286F5E06009B474B /* thankYouTests.xctest */,
				BD635500286F5E06009B474B /* thankYouUITests.xctest */,
			);
			name = Products;
			sourceTree = "<group>";
		};
		BD6354E2286F5E04009B474B /* thankYou */ = {
			isa = PBXGroup;
			children = (
				BD6354E3286F5E04009B474B /* AppDelegate.swift */,
				BD6354E5286F5E04009B474B /* SceneDelegate.swift */,
				BD6354E7286F5E04009B474B /* ViewController.swift */,
				BD6354E9286F5E04009B474B /* Main.storyboard */,
				BD6354EC286F5E06009B474B /* Assets.xcassets */,
				BD6354EE286F5E06009B474B /* LaunchScreen.storyboard */,
				BD6354F1286F5E06009B474B /* Info.plist */,
			);
			path = thankYou;
			sourceTree = "<group>";
		};
		BD6354F9286F5E06009B474B /* thankYouTests */ = {
			isa = PBXGroup;
			children = (
				BD6354FA286F5E06009B474B /* thankYouTests.swift */,
			);
			path = thankYouTests;
			sourceTree = "<group>";
		};
		BD635503286F5E06009B474B /* thankYouUITests */ = {
			isa = PBXGroup;
			children = (
				BD635504286F5E06009B474B /* thankYouUITests.swift */,
				BD635506286F5E06009B474B /* thankYouUITestsLaunchTests.swift */,
			);
			path = thankYouUITests;
			sourceTree = "<group>";
		};
/* End PBXGroup section */

/* Begin PBXNativeTarget section */
		BD6354DF286F5E04009B474B /* thankYou */ = {
			isa = PBXNativeTarget;
			buildConfigurationList = BD63550A286F5E06009B474B /* Build configuration list for PBXNativeTarget "thankYou" */;
			buildPhases = (
				BD6354DC286F5E04009B474B /* Sources */,
				BD6354DD286F5E04009B474B /* Frameworks */,
				BD6354DE286F5E04009B474B /* Resources */,
			);
			buildRules = (
			);
			dependencies = (
			);
			name = thankYou;
			productName = thankYou;
			productReference = BD6354E0286F5E04009B474B /* thankYou.app */;
			productType = "com.apple.product-type.application";
		};
		BD6354F5286F5E06009B474B /* thankYouTests */ = {
			isa = PBXNativeTarget;
			buildConfigurationList = BD63550D286F5E06009B474B /* Build configuration list for PBXNativeTarget "thankYouTests" */;
			buildPhases = (
				BD6354F2286F5E06009B474B /* Sources */,
				BD6354F3286F5E06009B474B /* Frameworks */,
				BD6354F4286F5E06009B474B /* Resources */,
			);
			buildRules = (
			);
			dependencies = (
				BD6354F8286F5E06009B474B /* PBXTargetDependency */,
			);
			name = thankYouTests;
			productName = thankYouTests;
			productReference = BD6354F6286F5E06009B474B /* thankYouTests.xctest */;
			productType = "com.apple.product-type.bundle.unit-test";
		};
		BD6354FF286F5E06009B474B /* thankYouUITests */ = {
			isa = PBXNativeTarget;
			buildConfigurationList = BD635510286F5E06009B474B /* Build configuration list for PBXNativeTarget "thankYouUITests" */;
			buildPhases = (
				BD6354FC286F5E06009B474B /* Sources */,
				BD6354FD286F5E06009B474B /* Frameworks */,
				BD6354FE286F5E06009B474B /* Resources */,
			);
			buildRules = (
			);
			dependencies = (
				BD635502286F5E06009B474B /* PBXTargetDependency */,
			);
			name = thankYouUITests;
			productName = thankYouUITests;
			productReference = BD635500286F5E06009B474B /* thankYouUITests.xctest */;
			productType = "com.apple.product-type.bundle.ui-testing";
		};
/* End PBXNativeTarget section */

/* Begin PBXProject section */
		BD6354D8286F5E04009B474B /* Project object */ = {
			isa = PBXProject;
			attributes = {
				BuildIndependentTargetsInParallel = 1;
				LastSwiftUpdateCheck = 1340;
				LastUpgradeCheck = 1340;
				TargetAttributes = {
					BD6354DF286F5E04009B474B = {
						CreatedOnToolsVersion = 13.4.1;
					};
					BD6354F5286F5E06009B474B = {
						CreatedOnToolsVersion = 13.4.1;
						TestTargetID = BD6354DF286F5E04009B474B;
					};
					BD6354FF286F5E06009B474B = {
						CreatedOnToolsVersion = 13.4.1;
						TestTargetID = BD6354DF286F5E04009B474B;
					};
				};
			};
			buildConfigurationList = BD6354DB286F5E04009B474B /* Build configuration list for PBXProject "thankYou" */;
			compatibilityVersion = "Xcode 13.0";
			developmentRegion = en;
			hasScannedForEncodings = 0;
			knownRegions = (
				en,
				Base,
			);
			mainGroup = BD6354D7286F5E04009B474B;
			productRefGroup = BD6354E1286F5E04009B474B /* Products */;
			projectDirPath = "";
			projectRoot = "";
			targets = (
				BD6354DF286F5E04009B474B /* thankYou */,
				BD6354F5286F5E06009B474B /* thankYouTests */,
				BD6354FF286F5E06009B474B /* thankYouUITests */,
			);
		};
/* End PBXProject section */

/* Begin PBXResourcesBuildPhase section */
		BD6354DE286F5E04009B474B /* Resources */ = {
			isa = PBXResourcesBuildPhase;
			buildActionMask = 2147483647;
			files = (
				BD6354F0286F5E06009B474B /* LaunchScreen.storyboard in Resources */,
				BD6354ED286F5E06009B474B /* Assets.xcassets in Resources */,
				BD6354EB286F5E04009B474B /* Main.storyboard in Resources */,
			);
			runOnlyForDeploymentPostprocessing = 0;
		};
		BD6354F4286F5E06009B474B /* Resources */ = {
			isa = PBXResourcesBuildPhase;
			buildActionMask = 2147483647;
			files = (
			);
			runOnlyForDeploymentPostprocessing = 0;
		};
		BD6354FE286F5E06009B474B /* Resources */ = {
			isa = PBXResourcesBuildPhase;
			buildActionMask = 2147483647;
			files = (
			);
			runOnlyForDeploymentPostprocessing = 0;
		};
/* End PBXResourcesBuildPhase section */

/* Begin PBXSourcesBuildPhase section */
		BD6354DC286F5E04009B474B /* Sources */ = {
			isa = PBXSourcesBuildPhase;
			buildActionMask = 2147483647;
			files = (
				BD6354E8286F5E04009B474B /* ViewController.swift in Sources */,
				BD6354E4286F5E04009B474B /* AppDelegate.swift in Sources */,
				BD6354E6286F5E04009B474B /* SceneDelegate.swift in Sources */,
			);
			runOnlyForDeploymentPostprocessing = 0;
		};
		BD6354F2286F5E06009B474B /* Sources */ = {
			isa = PBXSourcesBuildPhase;
			buildActionMask = 2147483647;
			files = (
				BD6354FB286F5E06009B474B /* thankYouTests.swift in Sources */,
			);
			runOnlyForDeploymentPostprocessing = 0;
		};
		BD6354FC286F5E06009B474B /* Sources */ = {
			isa = PBXSourcesBuildPhase;
			buildActionMask = 2147483647;
			files = (
				BD635507286F5E06009B474B /* thankYouUITestsLaunchTests.swift in Sources */,
				BD635505286F5E06009B474B /* thankYouUITests.swift in Sources */,
			);
			runOnlyForDeploymentPostprocessing = 0;
		};
/* End PBXSourcesBuildPhase section */

/* Begin PBXTargetDependency section */
		BD6354F8286F5E06009B474B /* PBXTargetDependency */ = {
			isa = PBXTargetDependency;
			target = BD6354DF286F5E04009B474B /* thankYou */;
			targetProxy = BD6354F7286F5E06009B474B /* PBXContainerItemProxy */;
		};
		BD635502286F5E06009B474B /* PBXTargetDependency */ = {
			isa = PBXTargetDependency;
			target = BD6354DF286F5E04009B474B /* thankYou */;
			targetProxy = BD635501286F5E06009B474B /* PBXContainerItemProxy */;
		};
/* End PBXTargetDependency section */

/* Begin PBXVariantGroup section */
		BD6354E9286F5E04009B474B /* Main.storyboard */ = {
			isa = PBXVariantGroup;
			children = (
				BD6354EA286F5E04009B474B /* Base */,
			);
			name = Main.storyboard;
			sourceTree = "<group>";
		};
		BD6354EE286F5E06009B474B /* LaunchScreen.storyboard */ = {
			isa = PBXVariantGroup;
			children = (
				BD6354EF286F5E06009B474B /* Base */,
			);
			name = LaunchScreen.storyboard;
			sourceTree = "<group>";
		};
/* End PBXVariantGroup section */

/* Begin XCBuildConfiguration section */
		BD635508286F5E06009B474B /* Debug */ = {
			isa = XCBuildConfiguration;
			buildSettings = {
				ALWAYS_SEARCH_USER_PATHS = NO;
				CLANG_ANALYZER_NONNULL = YES;
				CLANG_ANALYZER_NUMBER_OBJECT_CONVERSION = YES_AGGRESSIVE;
				CLANG_CXX_LANGUAGE_STANDARD = "gnu++17";
				CLANG_ENABLE_MODULES = YES;
				CLANG_ENABLE_OBJC_ARC = YES;
				CLANG_ENABLE_OBJC_WEAK = YES;
				CLANG_WARN_BLOCK_CAPTURE_AUTORELEASING = YES;
				CLANG_WARN_BOOL_CONVERSION = YES;
				CLANG_WARN_COMMA = YES;
				CLANG_WARN_CONSTANT_CONVERSION = YES;
				CLANG_WARN_DEPRECATED_OBJC_IMPLEMENTATIONS = YES;
				CLANG_WARN_DIRECT_OBJC_ISA_USAGE = YES_ERROR;
				CLANG_WARN_DOCUMENTATION_COMMENTS = YES;
				CLANG_WARN_EMPTY_BODY = YES;
				CLANG_WARN_ENUM_CONVERSION = YES;
				CLANG_WARN_INFINITE_RECURSION = YES;
				CLANG_WARN_INT_CONVERSION = YES;
				CLANG_WARN_NON_LITERAL_NULL_CONVERSION = YES;
				CLANG_WARN_OBJC_IMPLICIT_RETAIN_SELF = YES;
				CLANG_WARN_OBJC_LITERAL_CONVERSION = YES;
				CLANG_WARN_OBJC_ROOT_CLASS = YES_ERROR;
				CLANG_WARN_QUOTED_INCLUDE_IN_FRAMEWORK_HEADER = YES;
				CLANG_WARN_RANGE_LOOP_ANALYSIS = YES;
				CLANG_WARN_STRICT_PROTOTYPES = YES;
				CLANG_WARN_SUSPICIOUS_MOVE = YES;
				CLANG_WARN_UNGUARDED_AVAILABILITY = YES_AGGRESSIVE;
				CLANG_WARN_UNREACHABLE_CODE = YES;
				CLANG_WARN__DUPLICATE_METHOD_MATCH = YES;
				COPY_PHASE_STRIP = NO;
				DEBUG_INFORMATION_FORMAT = dwarf;
				ENABLE_STRICT_OBJC_MSGSEND = YES;
				ENABLE_TESTABILITY = YES;
				GCC_C_LANGUAGE_STANDARD = gnu11;
				GCC_DYNAMIC_NO_PIC = NO;
				GCC_NO_COMMON_BLOCKS = YES;
				GCC_OPTIMIZATION_LEVEL = 0;
				GCC_PREPROCESSOR_DEFINITIONS = (
					"DEBUG=1",
					"$(inherited)",
				);
				GCC_WARN_64_TO_32_BIT_CONVERSION = YES;
				GCC_WARN_ABOUT_RETURN_TYPE = YES_ERROR;
				GCC_WARN_UNDECLARED_SELECTOR = YES;
				GCC_WARN_UNINITIALIZED_AUTOS = YES_AGGRESSIVE;
				GCC_WARN_UNUSED_FUNCTION = YES;
				GCC_WARN_UNUSED_VARIABLE = YES;
				IPHONEOS_DEPLOYMENT_TARGET = 15.5;
				MTL_ENABLE_DEBUG_INFO = INCLUDE_SOURCE;
				MTL_FAST_MATH = YES;
				ONLY_ACTIVE_ARCH = YES;
				SDKROOT = iphoneos;
				SWIFT_ACTIVE_COMPILATION_CONDITIONS = DEBUG;
				SWIFT_OPTIMIZATION_LEVEL = "-Onone";
			};
			name = Debug;
		};
		BD635509286F5E06009B474B /* Release */ = {
			isa = XCBuildConfiguration;
			buildSettings = {
				ALWAYS_SEARCH_USER_PATHS = NO;
				CLANG_ANALYZER_NONNULL = YES;
				CLANG_ANALYZER_NUMBER_OBJECT_CONVERSION = YES_AGGRESSIVE;
				CLANG_CXX_LANGUAGE_STANDARD = "gnu++17";
				CLANG_ENABLE_MODULES = YES;
				CLANG_ENABLE_OBJC_ARC = YES;
				CLANG_ENABLE_OBJC_WEAK = YES;
				CLANG_WARN_BLOCK_CAPTURE_AUTORELEASING = YES;
				CLANG_WARN_BOOL_CONVERSION = YES;
				CLANG_WARN_COMMA = YES;
				CLANG_WARN_CONSTANT_CONVERSION = YES;
				CLANG_WARN_DEPRECATED_OBJC_IMPLEMENTATIONS = YES;
				CLANG_WARN_DIRECT_OBJC_ISA_USAGE = YES_ERROR;
				CLANG_WARN_DOCUMENTATION_COMMENTS = YES;
				CLANG_WARN_EMPTY_BODY = YES;
				CLANG_WARN_ENUM_CONVERSION = YES;
				CLANG_WARN_INFINITE_RECURSION = YES;
				CLANG_WARN_INT_CONVERSION = YES;
				CLANG_WARN_NON_LITERAL_NULL_CONVERSION = YES;
				CLANG_WARN_OBJC_IMPLICIT_RETAIN_SELF = YES;
				CLANG_WARN_OBJC_LITERAL_CONVERSION = YES;
				CLANG_WARN_OBJC_ROOT_CLASS = YES_ERROR;
				CLANG_WARN_QUOTED_INCLUDE_IN_FRAMEWORK_HEADER = YES;
				CLANG_WARN_RANGE_LOOP_ANALYSIS = YES;
				CLANG_WARN_STRICT_PROTOTYPES = YES;
				CLANG_WARN_SUSPICIOUS_MOVE = YES;
				CLANG_WARN_UNGUARDED_AVAILABILITY = YES_AGGRESSIVE;
				CLANG_WARN_UNREACHABLE_CODE = YES;
				CLANG_WARN__DUPLICATE_METHOD_MATCH = YES;
				COPY_PHASE_STRIP = NO;
				DEBUG_INFORMATION_FORMAT = "dwarf-with-dsym";
				ENABLE_NS_ASSERTIONS = NO;
				ENABLE_STRICT_OBJC_MSGSEND = YES;
				GCC_C_LANGUAGE_STANDARD = gnu11;
				GCC_NO_COMMON_BLOCKS = YES;
				GCC_WARN_64_TO_32_BIT_CONVERSION = YES;
				GCC_WARN_ABOUT_RETURN_TYPE = YES_ERROR;
				GCC_WARN_UNDECLARED_SELECTOR = YES;
				GCC_WARN_UNINITIALIZED_AUTOS = YES_AGGRESSIVE;
				GCC_WARN_UNUSED_FUNCTION = YES;
				GCC_WARN_UNUSED_VARIABLE = YES;
				IPHONEOS_DEPLOYMENT_TARGET = 15.5;
				MTL_ENABLE_DEBUG_INFO = NO;
				MTL_FAST_MATH = YES;
				SDKROOT = iphoneos;
				SWIFT_COMPILATION_MODE = wholemodule;
				SWIFT_OPTIMIZATION_LEVEL = "-O";
				VALIDATE_PRODUCT = YES;
			};
			name = Release;
		};
		BD63550B286F5E06009B474B /* Debug */ = {
			isa = XCBuildConfiguration;
			buildSettings = {
				ASSETCATALOG_COMPILER_APPICON_NAME = AppIcon;
				ASSETCATALOG_COMPILER_GLOBAL_ACCENT_COLOR_NAME = AccentColor;
				CODE_SIGN_STYLE = Automatic;
				CURRENT_PROJECT_VERSION = 1;
				GENERATE_INFOPLIST_FILE = YES;
				INFOPLIST_FILE = thankYou/Info.plist;
				INFOPLIST_KEY_UIApplicationSupportsIndirectInputEvents = YES;
				INFOPLIST_KEY_UILaunchStoryboardName = LaunchScreen;
				INFOPLIST_KEY_UIMainStoryboardFile = Main;
				INFOPLIST_KEY_UISupportedInterfaceOrientations_iPad = "UIInterfaceOrientationPortrait UIInterfaceOrientationPortraitUpsideDown UIInterfaceOrientationLandscapeLeft UIInterfaceOrientationLandscapeRight";
				INFOPLIST_KEY_UISupportedInterfaceOrientations_iPhone = "UIInterfaceOrientationPortrait UIInterfaceOrientationLandscapeLeft UIInterfaceOrientationLandscapeRight";
				LD_RUNPATH_SEARCH_PATHS = (
					"$(inherited)",
					"@executable_path/Frameworks",
				);
				MARKETING_VERSION = 1.0;
				PRODUCT_BUNDLE_IDENTIFIER = KWK.thankYou;
				PRODUCT_NAME = "$(TARGET_NAME)";
				SWIFT_EMIT_LOC_STRINGS = YES;
				SWIFT_VERSION = 5.0;
				TARGETED_DEVICE_FAMILY = "1,2";
			};
			name = Debug;
		};
		BD63550C286F5E06009B474B /* Release */ = {
			isa = XCBuildConfiguration;
			buildSettings = {
				ASSETCATALOG_COMPILER_APPICON_NAME = AppIcon;
				ASSETCATALOG_COMPILER_GLOBAL_ACCENT_COLOR_NAME = AccentColor;
				CODE_SIGN_STYLE = Automatic;
				CURRENT_PROJECT_VERSION = 1;
				GENERATE_INFOPLIST_FILE = YES;
				INFOPLIST_FILE = thankYou/Info.plist;
				INFOPLIST_KEY_UIApplicationSupportsIndirectInputEvents = YES;
				INFOPLIST_KEY_UILaunchStoryboardName = LaunchScreen;
				INFOPLIST_KEY_UIMainStoryboardFile = Main;
				INFOPLIST_KEY_UISupportedInterfaceOrientations_iPad = "UIInterfaceOrientationPortrait UIInterfaceOrientationPortraitUpsideDown UIInterfaceOrientationLandscapeLeft UIInterfaceOrientationLandscapeRight";
				INFOPLIST_KEY_UISupportedInterfaceOrientations_iPhone = "UIInterfaceOrientationPortrait UIInterfaceOrientationLandscapeLeft UIInterfaceOrientationLandscapeRight";
				LD_RUNPATH_SEARCH_PATHS = (
					"$(inherited)",
					"@executable_path/Frameworks",
				);
				MARKETING_VERSION = 1.0;
				PRODUCT_BUNDLE_IDENTIFIER = KWK.thankYou;
				PRODUCT_NAME = "$(TARGET_NAME)";
				SWIFT_EMIT_LOC_STRINGS = YES;
				SWIFT_VERSION = 5.0;
				TARGETED_DEVICE_FAMILY = "1,2";
			};
			name = Release;
		};
		BD63550E286F5E06009B474B /* Debug */ = {
			isa = XCBuildConfiguration;
			buildSettings = {
				ALWAYS_EMBED_SWIFT_STANDARD_LIBRARIES = YES;
				BUNDLE_LOADER = "$(TEST_HOST)";
				CODE_SIGN_STYLE = Automatic;
				CURRENT_PROJECT_VERSION = 1;
				GENERATE_INFOPLIST_FILE = YES;
				IPHONEOS_DEPLOYMENT_TARGET = 15.5;
				MARKETING_VERSION = 1.0;
				PRODUCT_BUNDLE_IDENTIFIER = KWK.thankYouTests;
				PRODUCT_NAME = "$(TARGET_NAME)";
				SWIFT_EMIT_LOC_STRINGS = NO;
				SWIFT_VERSION = 5.0;
				TARGETED_DEVICE_FAMILY = "1,2";
				TEST_HOST = "$(BUILT_PRODUCTS_DIR)/thankYou.app/thankYou";
			};
			name = Debug;
		};
		BD63550F286F5E06009B474B /* Release */ = {
			isa = XCBuildConfiguration;
			buildSettings = {
				ALWAYS_EMBED_SWIFT_STANDARD_LIBRARIES = YES;
				BUNDLE_LOADER = "$(TEST_HOST)";
				CODE_SIGN_STYLE = Automatic;
				CURRENT_PROJECT_VERSION = 1;
				GENERATE_INFOPLIST_FILE = YES;
				IPHONEOS_DEPLOYMENT_TARGET = 15.5;
				MARKETING_VERSION = 1.0;
				PRODUCT_BUNDLE_IDENTIFIER = KWK.thankYouTests;
				PRODUCT_NAME = "$(TARGET_NAME)";
				SWIFT_EMIT_LOC_STRINGS = NO;
				SWIFT_VERSION = 5.0;
				TARGETED_DEVICE_FAMILY = "1,2";
				TEST_HOST = "$(BUILT_PRODUCTS_DIR)/thankYou.app/thankYou";
			};
			name = Release;
		};
		BD635511286F5E06009B474B /* Debug */ = {
			isa = XCBuildConfiguration;
			buildSettings = {
				ALWAYS_EMBED_SWIFT_STANDARD_LIBRARIES = YES;
				CODE_SIGN_STYLE = Automatic;
				CURRENT_PROJECT_VERSION = 1;
				GENERATE_INFOPLIST_FILE = YES;
				MARKETING_VERSION = 1.0;
				PRODUCT_BUNDLE_IDENTIFIER = KWK.thankYouUITests;
				PRODUCT_NAME = "$(TARGET_NAME)";
				SWIFT_EMIT_LOC_STRINGS = NO;
				SWIFT_VERSION = 5.0;
				TARGETED_DEVICE_FAMILY = "1,2";
				TEST_TARGET_NAME = thankYou;
			};
			name = Debug;
		};
		BD635512286F5E06009B474B /* Release */ = {
			isa = XCBuildConfiguration;
			buildSettings = {
				ALWAYS_EMBED_SWIFT_STANDARD_LIBRARIES = YES;
				CODE_SIGN_STYLE = Automatic;
				CURRENT_PROJECT_VERSION = 1;
				GENERATE_INFOPLIST_FILE = YES;
				MARKETING_VERSION = 1.0;
				PRODUCT_BUNDLE_IDENTIFIER = KWK.thankYouUITests;
				PRODUCT_NAME = "$(TARGET_NAME)";
				SWIFT_EMIT_LOC_STRINGS = NO;
				SWIFT_VERSION = 5.0;
				TARGETED_DEVICE_FAMILY = "1,2";
				TEST_TARGET_NAME = thankYou;
			};
			name = Release;
		};
/* End XCBuildConfiguration section */

/* Begin XCConfigurationList section */
		BD6354DB286F5E04009B474B /* Build configuration list for PBXProject "thankYou" */ = {
			isa = XCConfigurationList;
			buildConfigurations = (
				BD635508286F5E06009B474B /* Debug */,
				BD635509286F5E06009B474B /* Release */,
			);
			defaultConfigurationIsVisible = 0;
			defaultConfigurationName = Release;
		};
		BD63550A286F5E06009B474B /* Build configuration list for PBXNativeTarget "thankYou" */ = {
			isa = XCConfigurationList;
			buildConfigurations = (
				BD63550B286F5E06009B474B /* Debug */,
				BD63550C286F5E06009B474B /* Release */,
			);
			defaultConfigurationIsVisible = 0;
			defaultConfigurationName = Release;
		};
		BD63550D286F5E06009B474B /* Build configuration list for PBXNativeTarget "thankYouTests" */ = {
			isa = XCConfigurationList;
			buildConfigurations = (
				BD63550E286F5E06009B474B /* Debug */,
				BD63550F286F5E06009B474B /* Release */,
			);
			defaultConfigurationIsVisible = 0;
			defaultConfigurationName = Release;
		};
		BD635510286F5E06009B474B /* Build configuration list for PBXNativeTarget "thankYouUITests" */ = {
			isa = XCConfigurationList;
			buildConfigurations = (
				BD635511286F5E06009B474B /* Debug */,
				BD635512286F5E06009B474B /* Release */,
			);
			defaultConfigurationIsVisible = 0;
			defaultConfigurationName = Release;
		};
/* End XCConfigurationList section */
	};
	rootObject = BD6354D8286F5E04009B474B /* Project object */;
}
